Microsoft Visual Studio Solution File, Format Version 12.00
# Visual Studio Version 17
VisualStudioVersion = 17.5.2.0
MinimumVisualStudioVersion = 10.0.40219.1
Project("{FAE04EC0-301F-11D3-BF4B-00C04F79EFBC}") = "BTL_LTWNC", "BTL_LTWNC.csproj", "{580850EF-37FF-117D-D182-F1B0DC426B21}"
EndProject
Global
	GlobalSection(SolutionConfigurationPlatforms) = preSolution
		Debug|Any CPU = Debug|Any CPU
		Release|Any CPU = Release|Any CPU
	EndGlobalSection
	GlobalSection(ProjectConfigurationPlatforms) = postSolution
		{580850EF-37FF-117D-D182-F1B0DC426B21}.Debug|Any CPU.ActiveCfg = Debug|Any CPU
		{580850EF-37FF-117D-D182-F1B0DC426B21}.Debug|Any CPU.Build.0 = Debug|Any CPU
		{580850EF-37FF-117D-D182-F1B0DC426B21}.Release|Any CPU.ActiveCfg = Release|Any CPU
		{580850EF-37FF-117D-D182-F1B0DC426B21}.Release|Any CPU.Build.0 = Release|Any CPU
	EndGlobalSection
	GlobalSection(SolutionProperties) = preSolution
		HideSolutionNode = FALSE
	EndGlobalSection
	GlobalSection(ExtensibilityGlobals) = postSolution
		SolutionGuid = {5E3E960D-E3F2-46B2-AC4C-41FFA293D843}
	EndGlobalSection
EndGlobal
